{
  "name": "@trichoplax/polipod_render_js",
  "version": "0.0.4",
  "lockfileVersion": 2,
  "requires": true,
  "packages": {
    "": {
      "name": "@trichoplax/polipod_render_js",
      "version": "0.0.4",
      "license": "MIT",
      "dependencies": {
        "@trichoplax/polipod_angles_js": "^0.0.0",
        "@trichoplax/polipod_colours_js": "^0.0.0"
      }
    },
    "node_modules/@trichoplax/polipod_angles_js": {
      "version": "0.0.0",
      "resolved": "https://registry.npmjs.org/@trichoplax/polipod_angles_js/-/polipod_angles_js-0.0.0.tgz",
      "integrity": "sha512-7CZmva1CRCRAq+2HYxLvATh4NRtbByGE1e5WS3KM1fQvepNgzrXAgGAxSoww34LuePIycfJlGEOCM3ugDJlHnw=="
    },
    "node_modules/@trichoplax/polipod_colours_js": {
      "version": "0.0.0",
      "resolved": "https://registry.npmjs.org/@trichoplax/polipod_colours_js/-/polipod_colours_js-0.0.0.tgz",
      "integrity": "sha512-VCMdSS+J5BkhmMKxGF6mkqXCrcnuqGgHngHKtJxIdyb/6uYreLzoorTZJVI3/0rti3QB7abFpxz4+r/pl7XjOA=="
    }
  },
  "dependencies": {
    "@trichoplax/polipod_angles_js": {
      "version": "0.0.0",
      "resolved": "https://registry.npmjs.org/@trichoplax/polipod_angles_js/-/polipod_angles_js-0.0.0.tgz",
      "integrity": "sha512-7CZmva1CRCRAq+2HYxLvATh4NRtbByGE1e5WS3KM1fQvepNgzrXAgGAxSoww34LuePIycfJlGEOCM3ugDJlHnw=="
    },
    "@trichoplax/polipod_colours_js": {
      "version": "0.0.0",
      "resolved": "https://registry.npmjs.org/@trichoplax/polipod_colours_js/-/polipod_colours_js-0.0.0.tgz",
      "integrity": "sha512-VCMdSS+J5BkhmMKxGF6mkqXCrcnuqGgHngHKtJxIdyb/6uYreLzoorTZJVI3/0rti3QB7abFpxz4+r/pl7XjOA=="
    }
  }
}
